
Microsoft Visual Studio Solution File, Format Version 12.00
# Visual Studio Version 17
VisualStudioVersion = 17.6.33723.286
MinimumVisualStudioVersion = 10.0.40219.1
Project("{FAE04EC0-301F-11D3-BF4B-00C04F79EFBC}") = "ProjetoBandasOOP", "ProjetoBandasOOP.csproj", "{0092C35B-CC1C-4B1E-86D8-A5E1F9D5F843}"
EndProject
Global
	GlobalSection(SolutionConfigurationPlatforms) = preSolution
		Debug|Any CPU = Debug|Any CPU
		Release|Any CPU = Release|Any CPU
	EndGlobalSection
	GlobalSection(ProjectConfigurationPlatforms) = postSolution
		{0092C35B-CC1C-4B1E-86D8-A5E1F9D5F843}.Debug|Any CPU.ActiveCfg = Debug|Any CPU
		{0092C35B-CC1C-4B1E-86D8-A5E1F9D5F843}.Debug|Any CPU.Build.0 = Debug|Any CPU
		{0092C35B-CC1C-4B1E-86D8-A5E1F9D5F843}.Release|Any CPU.ActiveCfg = Release|Any CPU
		{0092C35B-CC1C-4B1E-86D8-A5E1F9D5F843}.Release|Any CPU.Build.0 = Release|Any CPU
	EndGlobalSection
	GlobalSection(SolutionProperties) = preSolution
		HideSolutionNode = FALSE
	EndGlobalSection
	GlobalSection(ExtensibilityGlobals) = postSolution
		SolutionGuid = {0A4C132E-57D0-40C4-8071-6927A59D40EA}
	EndGlobalSection
EndGlobal
